
Microsoft Visual Studio Solution File, Format Version 12.00
# Visual Studio Version 17
VisualStudioVersion = 17.6.33723.286
MinimumVisualStudioVersion = 10.0.40219.1
Project("{FAE04EC0-301F-11D3-BF4B-00C04F79EFBC}") = "RepositoryPractice", "RepositoryPractice\RepositoryPractice.csproj", "{91018E59-9776-42C2-9E6A-57124D6CF5F9}"
EndProject
Project("{FAE04EC0-301F-11D3-BF4B-00C04F79EFBC}") = "DataDAL", "DataDAL\DataDAL.csproj", "{F189AFEC-325B-487E-A5D6-9C30806B86FB}"
EndProject
Project("{FAE04EC0-301F-11D3-BF4B-00C04F79EFBC}") = "DataDOM", "DataDOM\DataDOM.csproj", "{A06D0D0F-63ED-47ED-97F1-315BD53D4A6A}"
EndProject
Global
	GlobalSection(SolutionConfigurationPlatforms) = preSolution
		Debug|Any CPU = Debug|Any CPU
		Release|Any CPU = Release|Any CPU
	EndGlobalSection
	GlobalSection(ProjectConfigurationPlatforms) = postSolution
		{91018E59-9776-42C2-9E6A-57124D6CF5F9}.Debug|Any CPU.ActiveCfg = Debug|Any CPU
		{91018E59-9776-42C2-9E6A-57124D6CF5F9}.Debug|Any CPU.Build.0 = Debug|Any CPU
		{91018E59-9776-42C2-9E6A-57124D6CF5F9}.Release|Any CPU.ActiveCfg = Release|Any CPU
		{91018E59-9776-42C2-9E6A-57124D6CF5F9}.Release|Any CPU.Build.0 = Release|Any CPU
		{F189AFEC-325B-487E-A5D6-9C30806B86FB}.Debug|Any CPU.ActiveCfg = Debug|Any CPU
		{F189AFEC-325B-487E-A5D6-9C30806B86FB}.Debug|Any CPU.Build.0 = Debug|Any CPU
		{F189AFEC-325B-487E-A5D6-9C30806B86FB}.Release|Any CPU.ActiveCfg = Release|Any CPU
		{F189AFEC-325B-487E-A5D6-9C30806B86FB}.Release|Any CPU.Build.0 = Release|Any CPU
		{A06D0D0F-63ED-47ED-97F1-315BD53D4A6A}.Debug|Any CPU.ActiveCfg = Debug|Any CPU
		{A06D0D0F-63ED-47ED-97F1-315BD53D4A6A}.Debug|Any CPU.Build.0 = Debug|Any CPU
		{A06D0D0F-63ED-47ED-97F1-315BD53D4A6A}.Release|Any CPU.ActiveCfg = Release|Any CPU
		{A06D0D0F-63ED-47ED-97F1-315BD53D4A6A}.Release|Any CPU.Build.0 = Release|Any CPU
	EndGlobalSection
	GlobalSection(SolutionProperties) = preSolution
		HideSolutionNode = FALSE
	EndGlobalSection
	GlobalSection(ExtensibilityGlobals) = postSolution
		SolutionGuid = {E8F30951-1367-4C02-9430-702462CE1E51}
	EndGlobalSection
EndGlobal
